# This file is automatically @generated by Cargo.
# It is not intended for manual editing.
[[package]]
name = "bencher"
version = "0.1.5"
source = "registry+https://github.com/rust-lang/crates.io-index"
checksum = "7dfdb4953a096c551ce9ace855a604d702e6e62d77fac690575ae347571717f5"

[[package]]
name = "client"
version = "0.0.0"
dependencies = [
 "bencher",
 "funs",
 "serde",
]

[[package]]
name = "funs"
version = "0.0.0"

[[package]]
name = "serde"
version = "1.0.126"
source = "registry+https://github.com/rust-lang/crates.io-index"
checksum = "ec7505abeacaec74ae4778d9d9328fe5a5d04253220a85c4ee022239fc996d03"
