# This file is automatically @generated by Cargo.
# It is not intended for manual editing.
[[package]]
name = "cfg-if"
version = "1.0.0"
source = "registry+https://github.com/rust-lang/crates.io-index"
checksum = "baf1de4339761588bc0619e3cbc0120ee582ebb74b53b4efbf79117bd2da40fd"

[[package]]
name = "funs"
version = "0.0.0"

[[package]]
name = "gotcha"
version = "0.0.0"

[[package]]
name = "inger"
version = "0.0.0"
dependencies = [
 "gotcha",
 "libc",
 "signal",
 "timetravel",
]

[[package]]
name = "libc"
version = "0.2.95"
source = "registry+https://github.com/rust-lang/crates.io-index"
checksum = "789da6d93f1b866ffe175afc5322a4d76c038605a1c3319bb57b06967ca98a36"

[[package]]
name = "log"
version = "0.4.14"
source = "registry+https://github.com/rust-lang/crates.io-index"
checksum = "51b9bbe6c47d51fc3e1a9b945965946b4c44142ab8792c50835a980d362c2710"
dependencies = [
 "cfg-if",
]

[[package]]
name = "serde"
version = "1.0.126"
source = "registry+https://github.com/rust-lang/crates.io-index"
checksum = "ec7505abeacaec74ae4778d9d9328fe5a5d04253220a85c4ee022239fc996d03"

[[package]]
name = "server"
version = "0.0.0"
dependencies = [
 "funs",
 "inger",
 "log",
 "serde",
]

[[package]]
name = "signal"
version = "0.0.0"
dependencies = [
 "libc",
]

[[package]]
name = "timetravel"
version = "0.0.0"
dependencies = [
 "libc",
]
